
Microsoft Visual Studio Solution File, Format Version 12.00
# Visual Studio Version 16
VisualStudioVersion = 16.0.31005.135
MinimumVisualStudioVersion = 10.0.40219.1
Project("{9A19103F-16F7-4668-BE54-9A1E7A4F7556}") = "HotelAssignment2", "HotelAssignment2\HotelAssignment2.csproj", "{3B7CB8EE-5F72-40EA-B616-15F3C826AF5B}"
EndProject
Project("{9A19103F-16F7-4668-BE54-9A1E7A4F7556}") = "DataAccess", "DataAccess\DataAccess.csproj", "{93103C14-CA13-42C9-A44F-2D15E7FF8A8F}"
EndProject
Project("{9A19103F-16F7-4668-BE54-9A1E7A4F7556}") = "Common", "Common\Common.csproj", "{A93C7779-35A4-4E18-8060-704E0E972241}"
EndProject
Project("{9A19103F-16F7-4668-BE54-9A1E7A4F7556}") = "Business", "Business\Business.csproj", "{545DDBC5-7BB9-417E-8393-2DAA8BBEAA20}"
EndProject
Project("{9A19103F-16F7-4668-BE54-9A1E7A4F7556}") = "Models", "Models\Models.csproj", "{01A7FFB6-97C2-439E-ADD8-D4A878F9549C}"
EndProject
Global
	GlobalSection(SolutionConfigurationPlatforms) = preSolution
		Debug|Any CPU = Debug|Any CPU
		Release|Any CPU = Release|Any CPU
	EndGlobalSection
	GlobalSection(ProjectConfigurationPlatforms) = postSolution
		{3B7CB8EE-5F72-40EA-B616-15F3C826AF5B}.Debug|Any CPU.ActiveCfg = Debug|Any CPU
		{3B7CB8EE-5F72-40EA-B616-15F3C826AF5B}.Debug|Any CPU.Build.0 = Debug|Any CPU
		{3B7CB8EE-5F72-40EA-B616-15F3C826AF5B}.Release|Any CPU.ActiveCfg = Release|Any CPU
		{3B7CB8EE-5F72-40EA-B616-15F3C826AF5B}.Release|Any CPU.Build.0 = Release|Any CPU
		{93103C14-CA13-42C9-A44F-2D15E7FF8A8F}.Debug|Any CPU.ActiveCfg = Debug|Any CPU
		{93103C14-CA13-42C9-A44F-2D15E7FF8A8F}.Debug|Any CPU.Build.0 = Debug|Any CPU
		{93103C14-CA13-42C9-A44F-2D15E7FF8A8F}.Release|Any CPU.ActiveCfg = Release|Any CPU
		{93103C14-CA13-42C9-A44F-2D15E7FF8A8F}.Release|Any CPU.Build.0 = Release|Any CPU
		{A93C7779-35A4-4E18-8060-704E0E972241}.Debug|Any CPU.ActiveCfg = Debug|Any CPU
		{A93C7779-35A4-4E18-8060-704E0E972241}.Debug|Any CPU.Build.0 = Debug|Any CPU
		{A93C7779-35A4-4E18-8060-704E0E972241}.Release|Any CPU.ActiveCfg = Release|Any CPU
		{A93C7779-35A4-4E18-8060-704E0E972241}.Release|Any CPU.Build.0 = Release|Any CPU
		{545DDBC5-7BB9-417E-8393-2DAA8BBEAA20}.Debug|Any CPU.ActiveCfg = Debug|Any CPU
		{545DDBC5-7BB9-417E-8393-2DAA8BBEAA20}.Debug|Any CPU.Build.0 = Debug|Any CPU
		{545DDBC5-7BB9-417E-8393-2DAA8BBEAA20}.Release|Any CPU.ActiveCfg = Release|Any CPU
		{545DDBC5-7BB9-417E-8393-2DAA8BBEAA20}.Release|Any CPU.Build.0 = Release|Any CPU
		{01A7FFB6-97C2-439E-ADD8-D4A878F9549C}.Debug|Any CPU.ActiveCfg = Debug|Any CPU
		{01A7FFB6-97C2-439E-ADD8-D4A878F9549C}.Debug|Any CPU.Build.0 = Debug|Any CPU
		{01A7FFB6-97C2-439E-ADD8-D4A878F9549C}.Release|Any CPU.ActiveCfg = Release|Any CPU
		{01A7FFB6-97C2-439E-ADD8-D4A878F9549C}.Release|Any CPU.Build.0 = Release|Any CPU
	EndGlobalSection
	GlobalSection(SolutionProperties) = preSolution
		HideSolutionNode = FALSE
	EndGlobalSection
	GlobalSection(ExtensibilityGlobals) = postSolution
		SolutionGuid = {D3AFCF8E-B108-441C-9111-99CEC87F974E}
	EndGlobalSection
EndGlobal
