
Microsoft Visual Studio Solution File, Format Version 12.00
# Visual Studio Version 16
VisualStudioVersion = 16.0.31005.135
MinimumVisualStudioVersion = 10.0.40219.1
Project("{9A19103F-16F7-4668-BE54-9A1E7A4F7556}") = "HotelAssignment2", "HotelAssignment2\HotelAssignment2.csproj", "{3B7CB8EE-5F72-40EA-B616-15F3C826AF5B}"
EndProject
Global
	GlobalSection(SolutionConfigurationPlatforms) = preSolution
		Debug|Any CPU = Debug|Any CPU
		Release|Any CPU = Release|Any CPU
	EndGlobalSection
	GlobalSection(ProjectConfigurationPlatforms) = postSolution
		{3B7CB8EE-5F72-40EA-B616-15F3C826AF5B}.Debug|Any CPU.ActiveCfg = Debug|Any CPU
		{3B7CB8EE-5F72-40EA-B616-15F3C826AF5B}.Debug|Any CPU.Build.0 = Debug|Any CPU
		{3B7CB8EE-5F72-40EA-B616-15F3C826AF5B}.Release|Any CPU.ActiveCfg = Release|Any CPU
		{3B7CB8EE-5F72-40EA-B616-15F3C826AF5B}.Release|Any CPU.Build.0 = Release|Any CPU
	EndGlobalSection
	GlobalSection(SolutionProperties) = preSolution
		HideSolutionNode = FALSE
	EndGlobalSection
	GlobalSection(ExtensibilityGlobals) = postSolution
		SolutionGuid = {D3AFCF8E-B108-441C-9111-99CEC87F974E}
	EndGlobalSection
EndGlobal
